// !$*UTF8*$!
{
	archiveVersion = 1;
	classes = {
	};
	objectVersion = 46;
	objects = {

/* Begin PBXBuildFile section */
		2AEFCE2619BDD5D300F36695 /* AppDelegate.swift in Sources */ = {isa = PBXBuildFile; fileRef = 2AEFCE2519BDD5D300F36695 /* AppDelegate.swift */; };
		2AEFCE2819BDD5D300F36695 /* ViewController.swift in Sources */ = {isa = PBXBuildFile; fileRef = 2AEFCE2719BDD5D300F36695 /* ViewController.swift */; };
		2AEFCE2B19BDD5D300F36695 /* Main.storyboard in Resources */ = {isa = PBXBuildFile; fileRef = 2AEFCE2919BDD5D300F36695 /* Main.storyboard */; };
		2AEFCE2D19BDD5D300F36695 /* Images.xcassets in Resources */ = {isa = PBXBuildFile; fileRef = 2AEFCE2C19BDD5D300F36695 /* Images.xcassets */; };
		2AEFCE3919BDD5D400F36695 /* Profile_Picture_ExampleTests.swift in Sources */ = {isa = PBXBuildFile; fileRef = 2AEFCE3819BDD5D400F36695 /* Profile_Picture_ExampleTests.swift */; };
/* End PBXBuildFile section */

/* Begin PBXContainerItemProxy section */
		2AEFCE3319BDD5D400F36695 /* PBXContainerItemProxy */ = {
			isa = PBXContainerItemProxy;
			containerPortal = 2AEFCE1819BDD5D300F36695 /* Project object */;
			proxyType = 1;
			remoteGlobalIDString = 2AEFCE1F19BDD5D300F36695;
			remoteInfo = "Profile Picture Example";
		};
/* End PBXContainerItemProxy section */

/* Begin PBXFileReference section */
		2AEFCE2019BDD5D300F36695 /* Profile Picture Example.app */ = {isa = PBXFileReference; explicitFileType = wrapper.application; includeInIndex = 0; path = "Profile Picture Example.app"; sourceTree = BUILT_PRODUCTS_DIR; };
		2AEFCE2419BDD5D300F36695 /* Info.plist */ = {isa = PBXFileReference; lastKnownFileType = text.plist.xml; path = Info.plist; sourceTree = "<group>"; };
		2AEFCE2519BDD5D300F36695 /* AppDelegate.swift */ = {isa = PBXFileReference; lastKnownFileType = sourcecode.swift; path = AppDelegate.swift; sourceTree = "<group>"; };
		2AEFCE2719BDD5D300F36695 /* ViewController.swift */ = {isa = PBXFileReference; lastKnownFileType = sourcecode.swift; path = ViewController.swift; sourceTree = "<group>"; };
		2AEFCE2A19BDD5D300F36695 /* Base */ = {isa = PBXFileReference; lastKnownFileType = file.storyboard; name = Base; path = Base.lproj/Main.storyboard; sourceTree = "<group>"; };
		2AEFCE2C19BDD5D300F36695 /* Images.xcassets */ = {isa = PBXFileReference; lastKnownFileType = folder.assetcatalog; path = Images.xcassets; sourceTree = "<group>"; };
		2AEFCE3219BDD5D400F36695 /* Profile Picture ExampleTests.xctest */ = {isa = PBXFileReference; explicitFileType = wrapper.cfbundle; includeInIndex = 0; path = "Profile Picture ExampleTests.xctest"; sourceTree = BUILT_PRODUCTS_DIR; };
		2AEFCE3719BDD5D400F36695 /* Info.plist */ = {isa = PBXFileReference; lastKnownFileType = text.plist.xml; path = Info.plist; sourceTree = "<group>"; };
		2AEFCE3819BDD5D400F36695 /* Profile_Picture_ExampleTests.swift */ = {isa = PBXFileReference; lastKnownFileType = sourcecode.swift; path = Profile_Picture_ExampleTests.swift; sourceTree = "<group>"; };
/* End PBXFileReference section */

/* Begin PBXFrameworksBuildPhase section */
		2AEFCE1D19BDD5D300F36695 /* Frameworks */ = {
			isa = PBXFrameworksBuildPhase;
			buildActionMask = 2147483647;
			files = (
			);
			runOnlyForDeploymentPostprocessing = 0;
		};
		2AEFCE2F19BDD5D400F36695 /* Frameworks */ = {
			isa = PBXFrameworksBuildPhase;
			buildActionMask = 2147483647;
			files = (
			);
			runOnlyForDeploymentPostprocessing = 0;
		};
/* End PBXFrameworksBuildPhase section */

/* Begin PBXGroup section */
		2AEFCE1719BDD5D300F36695 = {
			isa = PBXGroup;
			children = (
				2AEFCE2219BDD5D300F36695 /* Profile Picture Example */,
				2AEFCE3519BDD5D400F36695 /* Profile Picture ExampleTests */,
				2AEFCE2119BDD5D300F36695 /* Products */,
			);
			sourceTree = "<group>";
		};
		2AEFCE2119BDD5D300F36695 /* Products */ = {
			isa = PBXGroup;
			children = (
				2AEFCE2019BDD5D300F36695 /* Profile Picture Example.app */,
				2AEFCE3219BDD5D400F36695 /* Profile Picture ExampleTests.xctest */,
			);
			name = Products;
			sourceTree = "<group>";
		};
		2AEFCE2219BDD5D300F36695 /* Profile Picture Example */ = {
			isa = PBXGroup;
			children = (
				2AEFCE2519BDD5D300F36695 /* AppDelegate.swift */,
				2AEFCE2719BDD5D300F36695 /* ViewController.swift */,
				2AEFCE2919BDD5D300F36695 /* Main.storyboard */,
				2AEFCE2C19BDD5D300F36695 /* Images.xcassets */,
				2AEFCE2319BDD5D300F36695 /* Supporting Files */,
			);
			path = "Profile Picture Example";
			sourceTree = "<group>";
		};
		2AEFCE2319BDD5D300F36695 /* Supporting Files */ = {
			isa = PBXGroup;
			children = (
				2AEFCE2419BDD5D300F36695 /* Info.plist */,
			);
			name = "Supporting Files";
			sourceTree = "<group>";
		};
		2AEFCE3519BDD5D400F36695 /* Profile Picture ExampleTests */ = {
			isa = PBXGroup;
			children = (
				2AEFCE3819BDD5D400F36695 /* Profile_Picture_ExampleTests.swift */,
				2AEFCE3619BDD5D400F36695 /* Supporting Files */,
			);
			path = "Profile Picture ExampleTests";
			sourceTree = "<group>";
		};
		2AEFCE3619BDD5D400F36695 /* Supporting Files */ = {
			isa = PBXGroup;
			children = (
				2AEFCE3719BDD5D400F36695 /* Info.plist */,
			);
			name = "Supporting Files";
			sourceTree = "<group>";
		};
/* End PBXGroup section */

/* Begin PBXNativeTarget section */
		2AEFCE1F19BDD5D300F36695 /* Profile Picture Example */ = {
			isa = PBXNativeTarget;
			buildConfigurationList = 2AEFCE3C19BDD5D400F36695 /* Build configuration list for PBXNativeTarget "Profile Picture Example" */;
			buildPhases = (
				2AEFCE1C19BDD5D300F36695 /* Sources */,
				2AEFCE1D19BDD5D300F36695 /* Frameworks */,
				2AEFCE1E19BDD5D300F36695 /* Resources */,
			);
			buildRules = (
			);
			dependencies = (
			);
			name = "Profile Picture Example";
			productName = "Profile Picture Example";
			productReference = 2AEFCE2019BDD5D300F36695 /* Profile Picture Example.app */;
			productType = "com.apple.product-type.application";
		};
		2AEFCE3119BDD5D400F36695 /* Profile Picture ExampleTests */ = {
			isa = PBXNativeTarget;
			buildConfigurationList = 2AEFCE3F19BDD5D400F36695 /* Build configuration list for PBXNativeTarget "Profile Picture ExampleTests" */;
			buildPhases = (
				2AEFCE2E19BDD5D400F36695 /* Sources */,
				2AEFCE2F19BDD5D400F36695 /* Frameworks */,
				2AEFCE3019BDD5D400F36695 /* Resources */,
			);
			buildRules = (
			);
			dependencies = (
				2AEFCE3419BDD5D400F36695 /* PBXTargetDependency */,
			);
			name = "Profile Picture ExampleTests";
			productName = "Profile Picture ExampleTests";
			productReference = 2AEFCE3219BDD5D400F36695 /* Profile Picture ExampleTests.xctest */;
			productType = "com.apple.product-type.bundle.unit-test";
		};
/* End PBXNativeTarget section */

/* Begin PBXProject section */
		2AEFCE1819BDD5D300F36695 /* Project object */ = {
			isa = PBXProject;
			attributes = {
				LastUpgradeCheck = 0600;
				ORGANIZATIONNAME = "Andrew Varvel";
				TargetAttributes = {
					2AEFCE1F19BDD5D300F36695 = {
						CreatedOnToolsVersion = 6.0;
					};
					2AEFCE3119BDD5D400F36695 = {
						CreatedOnToolsVersion = 6.0;
						TestTargetID = 2AEFCE1F19BDD5D300F36695;
					};
				};
			};
			buildConfigurationList = 2AEFCE1B19BDD5D300F36695 /* Build configuration list for PBXProject "Profile Picture Example" */;
			compatibilityVersion = "Xcode 3.2";
			developmentRegion = English;
			hasScannedForEncodings = 0;
			knownRegions = (
				en,
				Base,
			);
			mainGroup = 2AEFCE1719BDD5D300F36695;
			productRefGroup = 2AEFCE2119BDD5D300F36695 /* Products */;
			projectDirPath = "";
			projectRoot = "";
			targets = (
				2AEFCE1F19BDD5D300F36695 /* Profile Picture Example */,
				2AEFCE3119BDD5D400F36695 /* Profile Picture ExampleTests */,
			);
		};
/* End PBXProject section */

/* Begin PBXResourcesBuildPhase section */
		2AEFCE1E19BDD5D300F36695 /* Resources */ = {
			isa = PBXResourcesBuildPhase;
			buildActionMask = 2147483647;
			files = (
				2AEFCE2B19BDD5D300F36695 /* Main.storyboard in Resources */,
				2AEFCE2D19BDD5D300F36695 /* Images.xcassets in Resources */,
			);
			runOnlyForDeploymentPostprocessing = 0;
		};
		2AEFCE3019BDD5D400F36695 /* Resources */ = {
			isa = PBXResourcesBuildPhase;
			buildActionMask = 2147483647;
			files = (
			);
			runOnlyForDeploymentPostprocessing = 0;
		};
/* End PBXResourcesBuildPhase section */

/* Begin PBXSourcesBuildPhase section */
		2AEFCE1C19BDD5D300F36695 /* Sources */ = {
			isa = PBXSourcesBuildPhase;
			buildActionMask = 2147483647;
			files = (
				2AEFCE2819BDD5D300F36695 /* ViewController.swift in Sources */,
				2AEFCE2619BDD5D300F36695 /* AppDelegate.swift in Sources */,
			);
			runOnlyForDeploymentPostprocessing = 0;
		};
		2AEFCE2E19BDD5D400F36695 /* Sources */ = {
			isa = PBXSourcesBuildPhase;
			buildActionMask = 2147483647;
			files = (
				2AEFCE3919BDD5D400F36695 /* Profile_Picture_ExampleTests.swift in Sources */,
			);
			runOnlyForDeploymentPostprocessing = 0;
		};
/* End PBXSourcesBuildPhase section */

/* Begin PBXTargetDependency section */
		2AEFCE3419BDD5D400F36695 /* PBXTargetDependency */ = {
			isa = PBXTargetDependency;
			target = 2AEFCE1F19BDD5D300F36695 /* Profile Picture Example */;
			targetProxy = 2AEFCE3319BDD5D400F36695 /* PBXContainerItemProxy */;
		};
/* End PBXTargetDependency section */

/* Begin PBXVariantGroup section */
		2AEFCE2919BDD5D300F36695 /* Main.storyboard */ = {
			isa = PBXVariantGroup;
			children = (
				2AEFCE2A19BDD5D300F36695 /* Base */,
			);
			name = Main.storyboard;
			sourceTree = "<group>";
		};
/* End PBXVariantGroup section */

/* Begin XCBuildConfiguration section */
		2AEFCE3A19BDD5D400F36695 /* Debug */ = {
			isa = XCBuildConfiguration;
			buildSettings = {
				ALWAYS_SEARCH_USER_PATHS = NO;
				CLANG_CXX_LANGUAGE_STANDARD = "gnu++0x";
				CLANG_CXX_LIBRARY = "libc++";
				CLANG_ENABLE_MODULES = YES;
				CLANG_ENABLE_OBJC_ARC = YES;
				CLANG_WARN_BOOL_CONVERSION = YES;
				CLANG_WARN_CONSTANT_CONVERSION = YES;
				CLANG_WARN_DIRECT_OBJC_ISA_USAGE = YES_ERROR;
				CLANG_WARN_EMPTY_BODY = YES;
				CLANG_WARN_ENUM_CONVERSION = YES;
				CLANG_WARN_INT_CONVERSION = YES;
				CLANG_WARN_OBJC_ROOT_CLASS = YES_ERROR;
				CLANG_WARN_UNREACHABLE_CODE = YES;
				CLANG_WARN__DUPLICATE_METHOD_MATCH = YES;
				"CODE_SIGN_IDENTITY[sdk=iphoneos*]" = "iPhone Developer";
				COPY_PHASE_STRIP = NO;
				ENABLE_STRICT_OBJC_MSGSEND = YES;
				GCC_C_LANGUAGE_STANDARD = gnu99;
				GCC_DYNAMIC_NO_PIC = NO;
				GCC_OPTIMIZATION_LEVEL = 0;
				GCC_PREPROCESSOR_DEFINITIONS = (
					"DEBUG=1",
					"$(inherited)",
				);
				GCC_SYMBOLS_PRIVATE_EXTERN = NO;
				GCC_WARN_64_TO_32_BIT_CONVERSION = YES;
				GCC_WARN_ABOUT_RETURN_TYPE = YES_ERROR;
				GCC_WARN_UNDECLARED_SELECTOR = YES;
				GCC_WARN_UNINITIALIZED_AUTOS = YES_AGGRESSIVE;
				GCC_WARN_UNUSED_FUNCTION = YES;
				GCC_WARN_UNUSED_VARIABLE = YES;
				IPHONEOS_DEPLOYMENT_TARGET = 8.0;
				MTL_ENABLE_DEBUG_INFO = YES;
				ONLY_ACTIVE_ARCH = YES;
				SDKROOT = iphoneos;
				SWIFT_OPTIMIZATION_LEVEL = "-Onone";
			};
			name = Debug;
		};
		2AEFCE3B19BDD5D400F36695 /* Release */ = {
			isa = XCBuildConfiguration;
			buildSettings = {
				ALWAYS_SEARCH_USER_PATHS = NO;
				CLANG_CXX_LANGUAGE_STANDARD = "gnu++0x";
				CLANG_CXX_LIBRARY = "libc++";
				CLANG_ENABLE_MODULES = YES;
				CLANG_ENABLE_OBJC_ARC = YES;
				CLANG_WARN_BOOL_CONVERSION = YES;
				CLANG_WARN_CONSTANT_CONVERSION = YES;
				CLANG_WARN_DIRECT_OBJC_ISA_USAGE = YES_ERROR;
				CLANG_WARN_EMPTY_BODY = YES;
				CLANG_WARN_ENUM_CONVERSION = YES;
				CLANG_WARN_INT_CONVERSION = YES;
				CLANG_WARN_OBJC_ROOT_CLASS = YES_ERROR;
				CLANG_WARN_UNREACHABLE_CODE = YES;
				CLANG_WARN__DUPLICATE_METHOD_MATCH = YES;
				"CODE_SIGN_IDENTITY[sdk=iphoneos*]" = "iPhone Developer";
				COPY_PHASE_STRIP = YES;
				ENABLE_NS_ASSERTIONS = NO;
				ENABLE_STRICT_OBJC_MSGSEND = YES;
				GCC_C_LANGUAGE_STANDARD = gnu99;
				GCC_WARN_64_TO_32_BIT_CONVERSION = YES;
				GCC_WARN_ABOUT_RETURN_TYPE = YES_ERROR;
				GCC_WARN_UNDECLARED_SELECTOR = YES;
				GCC_WARN_UNINITIALIZED_AUTOS = YES_AGGRESSIVE;
				GCC_WARN_UNUSED_FUNCTION = YES;
				GCC_WARN_UNUSED_VARIABLE = YES;
				IPHONEOS_DEPLOYMENT_TARGET = 8.0;
				MTL_ENABLE_DEBUG_INFO = NO;
				SDKROOT = iphoneos;
				VALIDATE_PRODUCT = YES;
			};
			name = Release;
		};
		2AEFCE3D19BDD5D400F36695 /* Debug */ = {
			isa = XCBuildConfiguration;
			buildSettings = {
				ASSETCATALOG_COMPILER_APPICON_NAME = AppIcon;
				ASSETCATALOG_COMPILER_LAUNCHIMAGE_NAME = LaunchImage;
				INFOPLIST_FILE = "Profile Picture Example/Info.plist";
				LD_RUNPATH_SEARCH_PATHS = "$(inherited) @executable_path/Frameworks";
				PRODUCT_NAME = "$(TARGET_NAME)";
			};
			name = Debug;
		};
		2AEFCE3E19BDD5D400F36695 /* Release */ = {
			isa = XCBuildConfiguration;
			buildSettings = {
				ASSETCATALOG_COMPILER_APPICON_NAME = AppIcon;
				ASSETCATALOG_COMPILER_LAUNCHIMAGE_NAME = LaunchImage;
				INFOPLIST_FILE = "Profile Picture Example/Info.plist";
				LD_RUNPATH_SEARCH_PATHS = "$(inherited) @executable_path/Frameworks";
				PRODUCT_NAME = "$(TARGET_NAME)";
			};
			name = Release;
		};
		2AEFCE4019BDD5D400F36695 /* Debug */ = {
			isa = XCBuildConfiguration;
			buildSettings = {
				BUNDLE_LOADER = "$(TEST_HOST)";
				FRAMEWORK_SEARCH_PATHS = (
					"$(SDKROOT)/Developer/Library/Frameworks",
					"$(inherited)",
				);
				GCC_PREPROCESSOR_DEFINITIONS = (
					"DEBUG=1",
					"$(inherited)",
				);
				INFOPLIST_FILE = "Profile Picture ExampleTests/Info.plist";
				LD_RUNPATH_SEARCH_PATHS = "$(inherited) @executable_path/Frameworks @loader_path/Frameworks";
				PRODUCT_NAME = "$(TARGET_NAME)";
				TEST_HOST = "$(BUILT_PRODUCTS_DIR)/Profile Picture Example.app/Profile Picture Example";
			};
			name = Debug;
		};
		2AEFCE4119BDD5D400F36695 /* Release */ = {
			isa = XCBuildConfiguration;
			buildSettings = {
				BUNDLE_LOADER = "$(TEST_HOST)";
				FRAMEWORK_SEARCH_PATHS = (
					"$(SDKROOT)/Developer/Library/Frameworks",
					"$(inherited)",
				);
				INFOPLIST_FILE = "Profile Picture ExampleTests/Info.plist";
				LD_RUNPATH_SEARCH_PATHS = "$(inherited) @executable_path/Frameworks @loader_path/Frameworks";
				PRODUCT_NAME = "$(TARGET_NAME)";
				TEST_HOST = "$(BUILT_PRODUCTS_DIR)/Profile Picture Example.app/Profile Picture Example";
			};
			name = Release;
		};
/* End XCBuildConfiguration section */

/* Begin XCConfigurationList section */
		2AEFCE1B19BDD5D300F36695 /* Build configuration list for PBXProject "Profile Picture Example" */ = {
			isa = XCConfigurationList;
			buildConfigurations = (
				2AEFCE3A19BDD5D400F36695 /* Debug */,
				2AEFCE3B19BDD5D400F36695 /* Release */,
			);
			defaultConfigurationIsVisible = 0;
			defaultConfigurationName = Release;
		};
		2AEFCE3C19BDD5D400F36695 /* Build configuration list for PBXNativeTarget "Profile Picture Example" */ = {
			isa = XCConfigurationList;
			buildConfigurations = (
				2AEFCE3D19BDD5D400F36695 /* Debug */,
				2AEFCE3E19BDD5D400F36695 /* Release */,
			);
			defaultConfigurationIsVisible = 0;
		};
		2AEFCE3F19BDD5D400F36695 /* Build configuration list for PBXNativeTarget "Profile Picture ExampleTests" */ = {
			isa = XCConfigurationList;
			buildConfigurations = (
				2AEFCE4019BDD5D400F36695 /* Debug */,
				2AEFCE4119BDD5D400F36695 /* Release */,
			);
			defaultConfigurationIsVisible = 0;
		};
/* End XCConfigurationList section */
	};
	rootObject = 2AEFCE1819BDD5D300F36695 /* Project object */;
}
